# THIS IS AN AUTOGENERATED FILE. DO NOT EDIT THIS FILE DIRECTLY.
# yarn lockfile v1


"@ant-design/colors@^7.0.0":
  version "7.0.0"
  resolved "https://registry.npmjs.org/@ant-design/colors/-/colors-7.0.0.tgz"
  integrity sha512-iVm/9PfGCbC0dSMBrz7oiEXZaaGH7ceU40OJEfKmyuzR9R5CRimJYPlRiFtMQGQcbNMea/ePcoIebi4ASGYXtg==
  dependencies:
    "@ctrl/tinycolor" "^3.4.0"

"@ant-design/cssinjs@^1.16.0":
  version "1.18.1"
  resolved "https://registry.npmjs.org/@ant-design/cssinjs/-/cssinjs-1.18.1.tgz"
  integrity sha512-1JURAPrsjK1GwpqByTq3bJ7nF7lbMKDZpehqeR2n8/IR5O58/W1U4VcOeaw5ZyTHri3tEMcom7dyP2tvxpW54g==
  dependencies:
    "@babel/runtime" "^7.11.1"
    "@emotion/hash" "^0.8.0"
    "@emotion/unitless" "^0.7.5"
    classnames "^2.3.1"
    csstype "3.1.2"
    rc-util "^5.35.0"
    stylis "^4.0.13"

"@ant-design/icons-svg@^4.3.0":
  version "4.3.1"
  resolved "https://registry.npmjs.org/@ant-design/icons-svg/-/icons-svg-4.3.1.tgz"
  integrity sha512-4QBZg8ccyC6LPIRii7A0bZUk3+lEDCLnhB+FVsflGdcWPPmV+j3fire4AwwoqHV/BibgvBmR9ZIo4s867smv+g==

"@ant-design/icons@^5.2.2":
  version "5.2.6"
  resolved "https://registry.npmjs.org/@ant-design/icons/-/icons-5.2.6.tgz"
  integrity sha512-4wn0WShF43TrggskBJPRqCD0fcHbzTYjnaoskdiJrVHg86yxoZ8ZUqsXvyn4WUqehRiFKnaclOhqk9w4Ui2KVw==
  dependencies:
    "@ant-design/colors" "^7.0.0"
    "@ant-design/icons-svg" "^4.3.0"
    "@babel/runtime" "^7.11.2"
    classnames "^2.2.6"
    rc-util "^5.31.1"

"@ant-design/react-slick@~1.0.0":
  version "1.0.2"
  resolved "https://registry.npmjs.org/@ant-design/react-slick/-/react-slick-1.0.2.tgz"
  integrity sha512-Wj8onxL/T8KQLFFiCA4t8eIRGpRR+UPgOdac2sYzonv+i0n3kXHmvHLLiOYL655DQx2Umii9Y9nNgL7ssu5haQ==
  dependencies:
    "@babel/runtime" "^7.10.4"
    classnames "^2.2.5"
    json2mq "^0.2.0"
    resize-observer-polyfill "^1.5.1"
    throttle-debounce "^5.0.0"

"@babel/runtime@^7.10.1", "@babel/runtime@^7.10.4", "@babel/runtime@^7.11.1", "@babel/runtime@^7.11.2", "@babel/runtime@^7.12.5", "@babel/runtime@^7.16.7", "@babel/runtime@^7.18.0", "@babel/runtime@^7.18.3", "@babel/runtime@^7.18.6", "@babel/runtime@^7.20.0", "@babel/runtime@^7.20.7", "@babel/runtime@^7.21.0", "@babel/runtime@^7.22.5", "@babel/runtime@^7.23.2":
  version "7.23.6"
  resolved "https://registry.npmjs.org/@babel/runtime/-/runtime-7.23.6.tgz"
  integrity sha512-zHd0eUrf5GZoOWVCXp6koAKQTfZV07eit6bGPmJgnZdnSAvvZee6zniW2XMF7Cmc4ISOOnPy3QaSiIJGJkVEDQ==
  dependencies:
    regenerator-runtime "^0.14.0"

"@codemirror/autocomplete@^6.0.0":
  version "6.11.1"
  resolved "https://registry.yarnpkg.com/@codemirror/autocomplete/-/autocomplete-6.11.1.tgz#c733900eee58ac2de817317b9fd1e91b857c4329"
  integrity sha512-L5UInv8Ffd6BPw0P3EF7JLYAMeEbclY7+6Q11REt8vhih8RuLreKtPy/xk8wPxs4EQgYqzI7cdgpiYwWlbS/ow==
  dependencies:
    "@codemirror/language" "^6.0.0"
    "@codemirror/state" "^6.0.0"
    "@codemirror/view" "^6.17.0"
    "@lezer/common" "^1.0.0"

"@codemirror/commands@^6.0.0", "@codemirror/commands@^6.1.0":
  version "6.3.2"
  resolved "https://registry.yarnpkg.com/@codemirror/commands/-/commands-6.3.2.tgz#9fa47ccdacbea52fcddc6845089dfbf5be03f126"
  integrity sha512-tjoi4MCWDNxgIpoLZ7+tezdS9OEB6pkiDKhfKx9ReJ/XBcs2G2RXIu+/FxXBlWsPTsz6C9q/r4gjzrsxpcnqCQ==
  dependencies:
    "@codemirror/language" "^6.0.0"
    "@codemirror/state" "^6.2.0"
    "@codemirror/view" "^6.0.0"
    "@lezer/common" "^1.1.0"

"@codemirror/lang-json@^6.0.1":
  version "6.0.1"
  resolved "https://registry.yarnpkg.com/@codemirror/lang-json/-/lang-json-6.0.1.tgz#0a0be701a5619c4b0f8991f9b5e95fe33f462330"
  integrity sha512-+T1flHdgpqDDlJZ2Lkil/rLiRy684WMLc74xUnjJH48GQdfJo/pudlTRreZmKwzP8/tGdKf83wlbAdOCzlJOGQ==
  dependencies:
    "@codemirror/language" "^6.0.0"
    "@lezer/json" "^1.0.0"

"@codemirror/language@^6.0.0":
  version "6.9.3"
  resolved "https://registry.yarnpkg.com/@codemirror/language/-/language-6.9.3.tgz#1c127dc43e025d4c9b1ba1b79f4b1ba081d5aeaa"
  integrity sha512-qq48pYzoi6ldYWV/52+Z9Ou6QouVI+8YwvxFbUypI33NbjG2UeRHKENRyhwljTTiOqjQ33FjyZj6EREQ9apAOQ==
  dependencies:
    "@codemirror/state" "^6.0.0"
    "@codemirror/view" "^6.0.0"
    "@lezer/common" "^1.1.0"
    "@lezer/highlight" "^1.0.0"
    "@lezer/lr" "^1.0.0"
    style-mod "^4.0.0"

"@codemirror/lint@^6.0.0":
  version "6.4.2"
  resolved "https://registry.yarnpkg.com/@codemirror/lint/-/lint-6.4.2.tgz#c13be5320bde9707efdc94e8bcd3c698abae0b92"
  integrity sha512-wzRkluWb1ptPKdzlsrbwwjYCPLgzU6N88YBAmlZi8WFyuiEduSd05MnJYNogzyc8rPK7pj6m95ptUApc8sHKVA==
  dependencies:
    "@codemirror/state" "^6.0.0"
    "@codemirror/view" "^6.0.0"
    crelt "^1.0.5"

"@codemirror/search@^6.0.0":
  version "6.5.5"
  resolved "https://registry.yarnpkg.com/@codemirror/search/-/search-6.5.5.tgz#cf97e201da364da2285c2a250167af25bbd2a4a2"
  integrity sha512-PIEN3Ke1buPod2EHbJsoQwlbpkz30qGZKcnmH1eihq9+bPQx8gelauUwLYaY4vBOuBAuEhmpDLii4rj/uO0yMA==
  dependencies:
    "@codemirror/state" "^6.0.0"
    "@codemirror/view" "^6.0.0"
    crelt "^1.0.5"

"@codemirror/state@^6.0.0", "@codemirror/state@^6.1.1", "@codemirror/state@^6.1.4", "@codemirror/state@^6.2.0":
  version "6.3.3"
  resolved "https://registry.yarnpkg.com/@codemirror/state/-/state-6.3.3.tgz#6a647c2fa62b68604187152de497e91aabf43f82"
  integrity sha512-0wufKcTw2dEwEaADajjHf6hBy1sh3M6V0e+q4JKIhLuiMSe5td5HOWpUdvKth1fT1M9VYOboajoBHpkCd7PG7A==

"@codemirror/theme-one-dark@^6.0.0":
  version "6.1.2"
  resolved "https://registry.yarnpkg.com/@codemirror/theme-one-dark/-/theme-one-dark-6.1.2.tgz#fcef9f9cfc17a07836cb7da17c9f6d7231064df8"
  integrity sha512-F+sH0X16j/qFLMAfbciKTxVOwkdAS336b7AXTKOZhy8BR3eH/RelsnLgLFINrpST63mmN2OuwUt0W2ndUgYwUA==
  dependencies:
    "@codemirror/language" "^6.0.0"
    "@codemirror/state" "^6.0.0"
    "@codemirror/view" "^6.0.0"
    "@lezer/highlight" "^1.0.0"

"@codemirror/view@^6.0.0", "@codemirror/view@^6.17.0":
  version "6.22.3"
  resolved "https://registry.yarnpkg.com/@codemirror/view/-/view-6.22.3.tgz#22514a0256d0fbd3e9079d7c49cb97f35593156c"
  integrity sha512-rqnq+Zospwoi3x1vZ8BGV1MlRsaGljX+6qiGYmIpJ++M+LCC+wjfDaPklhwpWSgv7pr/qx29KiAKQBH5+DOn4w==
  dependencies:
    "@codemirror/state" "^6.1.4"
    style-mod "^4.1.0"
    w3c-keyname "^2.2.4"

"@ctrl/tinycolor@^3.4.0", "@ctrl/tinycolor@^3.6.0":
  version "3.6.1"
  resolved "https://registry.npmjs.org/@ctrl/tinycolor/-/tinycolor-3.6.1.tgz"
  integrity sha512-SITSV6aIXsuVNV3f3O0f2n/cgyEDWoSqtZMYiAmcsYHydcKrOz3gUxB/iXd/Qf08+IZX4KpgNbvUdMBmWz+kcA==

"@emotion/hash@^0.8.0":
  version "0.8.0"
  resolved "https://registry.npmjs.org/@emotion/hash/-/hash-0.8.0.tgz"
  integrity sha512-kBJtf7PH6aWwZ6fka3zQ0p6SBYzx4fl1LoZXE2RrnYST9Xljm7WfKJrU4g/Xr3Beg72MLrp1AWNUmuYJTL7Cow==

"@emotion/unitless@^0.7.5":
  version "0.7.5"
  resolved "https://registry.npmjs.org/@emotion/unitless/-/unitless-0.7.5.tgz"
  integrity sha512-OWORNpfjMsSSUBVrRBVGECkhWcULOAJz9ZW8uK9qgxD+87M7jHRcvh/A96XXNhXTLmKcoYSQtBEX7lHMO7YRwg==

"@lezer/common@^1.0.0", "@lezer/common@^1.1.0":
  version "1.1.2"
  resolved "https://registry.yarnpkg.com/@lezer/common/-/common-1.1.2.tgz#2fc5cd6788094ffc816b539ab2bc55bafacd2abc"
  integrity sha512-V+GqBsga5+cQJMfM0GdnHmg4DgWvLzgMWjbldBg0+jC3k9Gu6nJNZDLJxXEBT1Xj8KhRN4jmbC5CY7SIL++sVw==

"@lezer/highlight@^1.0.0":
  version "1.2.0"
  resolved "https://registry.yarnpkg.com/@lezer/highlight/-/highlight-1.2.0.tgz#e5898c3644208b4b589084089dceeea2966f7780"
  integrity sha512-WrS5Mw51sGrpqjlh3d4/fOwpEV2Hd3YOkp9DBt4k8XZQcoTHZFB7sx030A6OcahF4J1nDQAa3jXlTVVYH50IFA==
  dependencies:
    "@lezer/common" "^1.0.0"

"@lezer/json@^1.0.0":
  version "1.0.1"
  resolved "https://registry.yarnpkg.com/@lezer/json/-/json-1.0.1.tgz#3bf5641f3d1408ec31a5f9b29e4e96c6e3a232e6"
  integrity sha512-nkVC27qiEZEjySbi6gQRuMwa2sDu2PtfjSgz0A4QF81QyRGm3kb2YRzLcOPcTEtmcwvrX/cej7mlhbwViA4WJw==
  dependencies:
    "@lezer/highlight" "^1.0.0"
    "@lezer/lr" "^1.0.0"

"@lezer/lr@^1.0.0":
  version "1.3.14"
  resolved "https://registry.yarnpkg.com/@lezer/lr/-/lr-1.3.14.tgz#59d4a3b25698bdac0ef182fa6eadab445fc4f29a"
  integrity sha512-z5mY4LStlA3yL7aHT/rqgG614cfcvklS+8oFRFBYrs4YaWLJyKKM4+nN6KopToX0o9Hj6zmH6M5kinOYuy06ug==
  dependencies:
    "@lezer/common" "^1.0.0"

"@rc-component/color-picker@~1.4.1":
  version "1.4.1"
  resolved "https://registry.npmjs.org/@rc-component/color-picker/-/color-picker-1.4.1.tgz"
  integrity sha512-vh5EWqnsayZa/JwUznqDaPJz39jznx/YDbyBuVJntv735tKXKwEUZZb2jYEldOg+NKWZwtALjGMrNeGBmqFoEw==
  dependencies:
    "@babel/runtime" "^7.10.1"
    "@ctrl/tinycolor" "^3.6.0"
    classnames "^2.2.6"
    rc-util "^5.30.0"

"@rc-component/context@^1.4.0":
  version "1.4.0"
  resolved "https://registry.npmjs.org/@rc-component/context/-/context-1.4.0.tgz"
  integrity sha512-kFcNxg9oLRMoL3qki0OMxK+7g5mypjgaaJp/pkOis/6rVxma9nJBF/8kCIuTYHUQNr0ii7MxqE33wirPZLJQ2w==
  dependencies:
    "@babel/runtime" "^7.10.1"
    rc-util "^5.27.0"

"@rc-component/mini-decimal@^1.0.1":
  version "1.1.0"
  resolved "https://registry.npmjs.org/@rc-component/mini-decimal/-/mini-decimal-1.1.0.tgz"
  integrity sha512-jS4E7T9Li2GuYwI6PyiVXmxTiM6b07rlD9Ge8uGZSCz3WlzcG5ZK7g5bbuKNeZ9pgUuPK/5guV781ujdVpm4HQ==
  dependencies:
    "@babel/runtime" "^7.18.0"

"@rc-component/mutate-observer@^1.1.0":
  version "1.1.0"
  resolved "https://registry.npmjs.org/@rc-component/mutate-observer/-/mutate-observer-1.1.0.tgz"
  integrity sha512-QjrOsDXQusNwGZPf4/qRQasg7UFEj06XiCJ8iuiq/Io7CrHrgVi6Uuetw60WAMG1799v+aM8kyc+1L/GBbHSlw==
  dependencies:
    "@babel/runtime" "^7.18.0"
    classnames "^2.3.2"
    rc-util "^5.24.4"

"@rc-component/portal@^1.0.0-8", "@rc-component/portal@^1.0.0-9", "@rc-component/portal@^1.0.2", "@rc-component/portal@^1.1.0", "@rc-component/portal@^1.1.1":
  version "1.1.2"
  resolved "https://registry.npmjs.org/@rc-component/portal/-/portal-1.1.2.tgz"
  integrity sha512-6f813C0IsasTZms08kfA8kPAGxbbkYToa8ALaiDIGGECU4i9hj8Plgbx0sNJDrey3EtHO30hmdaxtT0138xZcg==
  dependencies:
    "@babel/runtime" "^7.18.0"
    classnames "^2.3.2"
    rc-util "^5.24.4"

"@rc-component/tour@~1.10.0":
  version "1.10.0"
  resolved "https://registry.npmjs.org/@rc-component/tour/-/tour-1.10.0.tgz"
  integrity sha512-voV0BKaTJbewB9LLgAHQ7tAGG7rgDkKQkZo82xw2gIk542hY+o7zwoqdN16oHhIKk7eG/xi+mdXrONT62Dt57A==
  dependencies:
    "@babel/runtime" "^7.18.0"
    "@rc-component/portal" "^1.0.0-9"
    "@rc-component/trigger" "^1.3.6"
    classnames "^2.3.2"
    rc-util "^5.24.4"

"@rc-component/trigger@^1.0.4", "@rc-component/trigger@^1.16.0", "@rc-component/trigger@^1.17.0", "@rc-component/trigger@^1.3.6", "@rc-component/trigger@^1.5.0", "@rc-component/trigger@^1.7.0":
  version "1.18.2"
  resolved "https://registry.npmjs.org/@rc-component/trigger/-/trigger-1.18.2.tgz"
  integrity sha512-jRLYgFgjLEPq3MvS87fIhcfuywFSRDaDrYw1FLku7Cm4esszvzTbA0JBsyacAyLrK9rF3TiHFcvoEDMzoD3CTA==
  dependencies:
    "@babel/runtime" "^7.23.2"
    "@rc-component/portal" "^1.1.0"
    classnames "^2.3.2"
    rc-motion "^2.0.0"
    rc-resize-observer "^1.3.1"
    rc-util "^5.38.0"

"@uiw/codemirror-extensions-basic-setup@4.21.21":
  version "4.21.21"
  resolved "https://registry.yarnpkg.com/@uiw/codemirror-extensions-basic-setup/-/codemirror-extensions-basic-setup-4.21.21.tgz#243ef309cb53253b14187649a7abc0d996420a20"
  integrity sha512-+0i9dPrRSa8Mf0CvyrMvnAhajnqwsP3IMRRlaHDRgsSGL8igc4z7MhvUPn+7cWFAAqWzQRhMdMSWzo6/TEa3EA==
  dependencies:
    "@codemirror/autocomplete" "^6.0.0"
    "@codemirror/commands" "^6.0.0"
    "@codemirror/language" "^6.0.0"
    "@codemirror/lint" "^6.0.0"
    "@codemirror/search" "^6.0.0"
    "@codemirror/state" "^6.0.0"
    "@codemirror/view" "^6.0.0"

"@uiw/codemirror-theme-quietlight@^4.21.21":
  version "4.21.21"
  resolved "https://registry.yarnpkg.com/@uiw/codemirror-theme-quietlight/-/codemirror-theme-quietlight-4.21.21.tgz#84c4bbe3e9e4defceed88bf340fbf0040422cf97"
  integrity sha512-s1QZXCpsT8+6NMMl3es1OWC6x50AaoXiEfwJdahpV37MqLUuMgYSf2/QLidgmQ0CL/ygsiO2wPbkSz004uKQtw==
  dependencies:
    "@uiw/codemirror-themes" "4.21.21"

"@uiw/codemirror-theme-vscode@^4.21.21":
  version "4.21.21"
  resolved "https://registry.yarnpkg.com/@uiw/codemirror-theme-vscode/-/codemirror-theme-vscode-4.21.21.tgz#f077530f96f310b11690c408b2aef8e318452264"
  integrity sha512-NUD2l/PqnvzNtxscXk99hm5a5avFsE4lxG2MUtPRuOZRRNXHxNsYeXGlab6R5hUO+v/Lxy6mrMmTRyL0Gj6dIw==
  dependencies:
    "@uiw/codemirror-themes" "4.21.21"

"@uiw/codemirror-themes@4.21.21":
  version "4.21.21"
  resolved "https://registry.yarnpkg.com/@uiw/codemirror-themes/-/codemirror-themes-4.21.21.tgz#26efb06ecce9a51aa73d39311c90f8fcb06fdc43"
  integrity sha512-ljVcMGdaxo75UaH+EqxJ+jLyMVVgeSfW2AKyT1VeLy+4SDpuqNQ7wq5XVxktsG6LH+OvgSFndWXgPANf4+gQcA==
  dependencies:
    "@codemirror/language" "^6.0.0"
    "@codemirror/state" "^6.0.0"
    "@codemirror/view" "^6.0.0"

"@uiw/react-codemirror@^4.21.21":
  version "4.21.21"
  resolved "https://registry.yarnpkg.com/@uiw/react-codemirror/-/react-codemirror-4.21.21.tgz#986b18dbd6dc69aa470fc3d4e47b89b504af6778"
  integrity sha512-PaxBMarufMWoR0qc5zuvBSt76rJ9POm9qoOaJbqRmnNL2viaF+d+Paf2blPSlm1JSnqn7hlRjio+40nZJ9TKzw==
  dependencies:
    "@babel/runtime" "^7.18.6"
    "@codemirror/commands" "^6.1.0"
    "@codemirror/state" "^6.1.1"
    "@codemirror/theme-one-dark" "^6.0.0"
    "@uiw/codemirror-extensions-basic-setup" "4.21.21"
    codemirror "^6.0.0"

antd@~5.9.0:
  version "5.9.4"
  resolved "https://registry.npmjs.org/antd/-/antd-5.9.4.tgz"
  integrity sha512-eyNn1C/Q9ESn4ktfTlRIIXBbWT5L/Rr38xP37dIvJ3FeD/a4vaVcMqqLz5ywwMPKxgWnuUxggo1mJwWdPoIdSg==
  dependencies:
    "@ant-design/colors" "^7.0.0"
    "@ant-design/cssinjs" "^1.16.0"
    "@ant-design/icons" "^5.2.2"
    "@ant-design/react-slick" "~1.0.0"
    "@babel/runtime" "^7.18.3"
    "@ctrl/tinycolor" "^3.6.0"
    "@rc-component/color-picker" "~1.4.1"
    "@rc-component/mutate-observer" "^1.1.0"
    "@rc-component/tour" "~1.10.0"
    "@rc-component/trigger" "^1.16.0"
    classnames "^2.2.6"
    copy-to-clipboard "^3.2.0"
    dayjs "^1.11.1"
    qrcode.react "^3.1.0"
    rc-cascader "~3.17.0"
    rc-checkbox "~3.1.0"
    rc-collapse "~3.7.1"
    rc-dialog "~9.2.0"
    rc-drawer "~6.4.1"
    rc-dropdown "~4.1.0"
    rc-field-form "~1.38.1"
    rc-image "~7.2.0"
    rc-input "~1.2.1"
    rc-input-number "~8.1.0"
    rc-mentions "~2.8.0"
    rc-menu "~9.12.0"
    rc-motion "^2.9.0"
    rc-notification "~5.1.1"
    rc-pagination "~3.6.1"
    rc-picker "~3.14.1"
    rc-progress "~3.5.1"
    rc-rate "~2.12.0"
    rc-resize-observer "^1.3.1"
    rc-segmented "~2.2.2"
    rc-select "~14.9.0"
    rc-slider "~10.2.1"
    rc-steps "~6.0.1"
    rc-switch "~4.1.0"
    rc-table "~7.34.4"
    rc-tabs "~12.12.1"
    rc-textarea "~1.4.0"
    rc-tooltip "~6.0.1"
    rc-tree "~5.7.12"
    rc-tree-select "~5.13.0"
    rc-upload "~4.3.4"
    rc-util "^5.37.0"
    scroll-into-view-if-needed "^3.0.3"
    throttle-debounce "^5.0.0"

array-tree-filter@^2.1.0:
  version "2.1.0"
  resolved "https://registry.npmjs.org/array-tree-filter/-/array-tree-filter-2.1.0.tgz"
  integrity sha512-4ROwICNlNw/Hqa9v+rk5h22KjmzB1JGTMVKP2AKJBOCgb0yL0ASf0+YvCcLNNwquOHNX48jkeZIJ3a+oOQqKcw==

async-validator@^4.1.0:
  version "4.2.5"
  resolved "https://registry.npmjs.org/async-validator/-/async-validator-4.2.5.tgz"
  integrity sha512-7HhHjtERjqlNbZtqNqy2rckN/SpOOlmDliet+lP7k+eKZEjPk3DgyeU9lIXLdeLz0uBbbVp+9Qdow9wJWgwwfg==

classnames@2.x, classnames@^2.2.1, classnames@^2.2.3, classnames@^2.2.5, classnames@^2.2.6, classnames@^2.3.1, classnames@^2.3.2:
  version "2.3.2"
  resolved "https://registry.npmjs.org/classnames/-/classnames-2.3.2.tgz"
  integrity sha512-CSbhY4cFEJRe6/GQzIk5qXZ4Jeg5pcsP7b5peFSDpffpe1cqjASH/n9UTjBwOp6XpMSTwQ8Za2K5V02ueA7Tmw==

codemirror@^6.0.0:
  version "6.0.1"
  resolved "https://registry.yarnpkg.com/codemirror/-/codemirror-6.0.1.tgz#62b91142d45904547ee3e0e0e4c1a79158035a29"
  integrity sha512-J8j+nZ+CdWmIeFIGXEFbFPtpiYacFMDR8GlHK3IyHQJMCaVRfGx9NT+Hxivv1ckLWPvNdZqndbr/7lVhrf/Svg==
  dependencies:
    "@codemirror/autocomplete" "^6.0.0"
    "@codemirror/commands" "^6.0.0"
    "@codemirror/language" "^6.0.0"
    "@codemirror/lint" "^6.0.0"
    "@codemirror/search" "^6.0.0"
    "@codemirror/state" "^6.0.0"
    "@codemirror/view" "^6.0.0"

compute-scroll-into-view@^3.0.2:
  version "3.1.0"
  resolved "https://registry.npmjs.org/compute-scroll-into-view/-/compute-scroll-into-view-3.1.0.tgz"
  integrity sha512-rj8l8pD4bJ1nx+dAkMhV1xB5RuZEyVysfxJqB1pRchh1KVvwOv9b7CGB8ZfjTImVv2oF+sYMUkMZq6Na5Ftmbg==

copy-to-clipboard@^3.2.0:
  version "3.3.3"
  resolved "https://registry.npmjs.org/copy-to-clipboard/-/copy-to-clipboard-3.3.3.tgz"
  integrity sha512-2KV8NhB5JqC3ky0r9PMCAZKbUHSwtEo4CwCs0KXgruG43gX5PMqDEBbVU4OUzw2MuAWUfsuFmWvEKG5QRfSnJA==
  dependencies:
    toggle-selection "^1.0.6"

crelt@^1.0.5:
  version "1.0.6"
  resolved "https://registry.yarnpkg.com/crelt/-/crelt-1.0.6.tgz#7cc898ea74e190fb6ef9dae57f8f81cf7302df72"
  integrity sha512-VQ2MBenTq1fWZUH9DJNGti7kKv6EeAuYr3cLwxUWhIu1baTaXh4Ib5W2CqHVqib4/MqbYGJqiL3Zb8GJZr3l4g==

csstype@3.1.2:
  version "3.1.2"
  resolved "https://registry.npmjs.org/csstype/-/csstype-3.1.2.tgz"
  integrity sha512-I7K1Uu0MBPzaFKg4nI5Q7Vs2t+3gWWW648spaF+Rg7pI9ds18Ugn+lvg4SHczUdKlHI5LWBXyqfS8+DufyBsgQ==

dayjs@^1.11.1:
  version "1.11.10"
  resolved "https://registry.npmjs.org/dayjs/-/dayjs-1.11.10.tgz"
  integrity sha512-vjAczensTgRcqDERK0SR2XMwsF/tSvnvlv6VcF2GIhg6Sx4yOIt/irsr1RDJsKiIyBzJDpCoXiWWq28MqH2cnQ==

dayjs@^1.11.10:
  version "1.11.10"
  resolved "https://registry.yarnpkg.com/dayjs/-/dayjs-1.11.10.tgz#68acea85317a6e164457d6d6947564029a6a16a0"
  integrity sha512-vjAczensTgRcqDERK0SR2XMwsF/tSvnvlv6VcF2GIhg6Sx4yOIt/irsr1RDJsKiIyBzJDpCoXiWWq28MqH2cnQ==

json2mq@^0.2.0:
  version "0.2.0"
  resolved "https://registry.npmjs.org/json2mq/-/json2mq-0.2.0.tgz"
  integrity sha512-SzoRg7ux5DWTII9J2qkrZrqV1gt+rTaoufMxEzXbS26Uid0NwaJd123HcoB80TgubEppxxIGdNxCx50fEoEWQA==
  dependencies:
    string-convert "^0.2.0"

prettier@^3.1.1:
  version "3.1.1"
  resolved "https://registry.npmjs.org/prettier/-/prettier-3.1.1.tgz"
  integrity sha512-22UbSzg8luF4UuZtzgiUOfcGM8s4tjBv6dJRT7j275NXsy2jb4aJa4NNveul5x4eqlF1wuhuR2RElK71RvmVaw==

qrcode.react@^3.1.0:
  version "3.1.0"
  resolved "https://registry.npmjs.org/qrcode.react/-/qrcode.react-3.1.0.tgz"
  integrity sha512-oyF+Urr3oAMUG/OiOuONL3HXM+53wvuH3mtIWQrYmsXoAq0DkvZp2RYUWFSMFtbdOpuS++9v+WAkzNVkMlNW6Q==

rc-cascader@~3.17.0:
  version "3.17.0"
  resolved "https://registry.npmjs.org/rc-cascader/-/rc-cascader-3.17.0.tgz"
  integrity sha512-8O5Eq/NteRuBaaUIb+ZsTEkNKM3BwWKizsFlSpukCVa2ELqrdMyslbe/OdxtuFlyJIqGyWF5rS2Q+fd0Rpvmgw==
  dependencies:
    "@babel/runtime" "^7.12.5"
    array-tree-filter "^2.1.0"
    classnames "^2.3.1"
    rc-select "~14.9.0"
    rc-tree "~5.7.0"
    rc-util "^5.35.0"

rc-checkbox@~3.1.0:
  version "3.1.0"
  resolved "https://registry.npmjs.org/rc-checkbox/-/rc-checkbox-3.1.0.tgz"
  integrity sha512-PAwpJFnBa3Ei+5pyqMMXdcKYKNBMS+TvSDiLdDnARnMJHC8ESxwPfm4Ao1gJiKtWLdmGfigascnCpwrHFgoOBQ==
  dependencies:
    "@babel/runtime" "^7.10.1"
    classnames "^2.3.2"
    rc-util "^5.25.2"

rc-collapse@~3.7.1:
  version "3.7.2"
  resolved "https://registry.npmjs.org/rc-collapse/-/rc-collapse-3.7.2.tgz"
  integrity sha512-ZRw6ipDyOnfLFySxAiCMdbHtb5ePAsB9mT17PA6y1mRD/W6KHRaZeb5qK/X9xDV1CqgyxMpzw0VdS74PCcUk4A==
  dependencies:
    "@babel/runtime" "^7.10.1"
    classnames "2.x"
    rc-motion "^2.3.4"
    rc-util "^5.27.0"

rc-dialog@~9.2.0:
  version "9.2.0"
  resolved "https://registry.npmjs.org/rc-dialog/-/rc-dialog-9.2.0.tgz"
  integrity sha512-dL2tklMou/QfK77+0CTH3FTnKCvIiYv9Df7PfFfg8YVXhYAGmuIkV4ooQYHAIR4juL3Ywcm5oQflF2vDDuGlUg==
  dependencies:
    "@babel/runtime" "^7.10.1"
    "@rc-component/portal" "^1.0.0-8"
    classnames "^2.2.6"
    rc-motion "^2.3.0"
    rc-util "^5.21.0"

rc-drawer@~6.4.1:
  version "6.4.1"
  resolved "https://registry.npmjs.org/rc-drawer/-/rc-drawer-6.4.1.tgz"
  integrity sha512-QIbNMjiZy322o9uEpJHsSZ5rS/zuxqam3lYVPDzjztoqsoDzTNNxWN77QVpOfQ0UC9/87+qu25zocJ+O9bK2Tg==
  dependencies:
    "@babel/runtime" "^7.10.1"
    "@rc-component/portal" "^1.1.1"
    classnames "^2.2.6"
    rc-motion "^2.6.1"
    rc-util "^5.36.0"

rc-dropdown@~4.1.0:
  version "4.1.0"
  resolved "https://registry.npmjs.org/rc-dropdown/-/rc-dropdown-4.1.0.tgz"
  integrity sha512-VZjMunpBdlVzYpEdJSaV7WM7O0jf8uyDjirxXLZRNZ+tAC+NzD3PXPEtliFwGzVwBBdCmGuSqiS9DWcOLxQ9tw==
  dependencies:
    "@babel/runtime" "^7.18.3"
    "@rc-component/trigger" "^1.7.0"
    classnames "^2.2.6"
    rc-util "^5.17.0"

rc-field-form@~1.38.1:
  version "1.38.2"
  resolved "https://registry.npmjs.org/rc-field-form/-/rc-field-form-1.38.2.tgz"
  integrity sha512-O83Oi1qPyEv31Sg+Jwvsj6pXc8uQI2BtIAkURr5lvEYHVggXJhdU/nynK8wY1gbw0qR48k731sN5ON4egRCROA==
  dependencies:
    "@babel/runtime" "^7.18.0"
    async-validator "^4.1.0"
    rc-util "^5.32.2"

rc-image@~7.2.0:
  version "7.2.0"
  resolved "https://registry.npmjs.org/rc-image/-/rc-image-7.2.0.tgz"
  integrity sha512-5Ug2hCVl6VcT0osR5XaZQ4zclTMEWPnbn3b4/TS/MR1QjRpEACLNFUzBGwr5mbAVhzvLWX5YZf4vO10xUA5IUA==
  dependencies:
    "@babel/runtime" "^7.11.2"
    "@rc-component/portal" "^1.0.2"
    classnames "^2.2.6"
    rc-dialog "~9.2.0"
    rc-motion "^2.6.2"
    rc-util "^5.34.1"

rc-input-number@~8.1.0:
  version "8.1.0"
  resolved "https://registry.npmjs.org/rc-input-number/-/rc-input-number-8.1.0.tgz"
  integrity sha512-bdHgduOxuN0lrhzgPmoKbhRD4GLIzVcddVz972/JHPHr7oLwPX5xDb9w4bXhuMzyT2VzQy7nggRCfH3yAl09oA==
  dependencies:
    "@babel/runtime" "^7.10.1"
    "@rc-component/mini-decimal" "^1.0.1"
    classnames "^2.2.5"
    rc-input "~1.2.1"
    rc-util "^5.28.0"

rc-input@~1.2.1:
  version "1.2.1"
  resolved "https://registry.npmjs.org/rc-input/-/rc-input-1.2.1.tgz"
  integrity sha512-nQRmBvEFoGi+SNRDavccZ8ueyhFgmxkWqIt4aDyuNJgUZF12HJKIwDhAafUM7N+g7PyuW9FH3pf3zPHzdiCWbA==
  dependencies:
    "@babel/runtime" "^7.11.1"
    classnames "^2.2.1"
    rc-util "^5.18.1"

rc-mentions@~2.8.0:
  version "2.8.0"
  resolved "https://registry.npmjs.org/rc-mentions/-/rc-mentions-2.8.0.tgz"
  integrity sha512-LBMkO6bSGhEvS1CvMK978qGN82tI+mzk7l/uTiQJH+UDiwpvq+pxK4DxU5b6Q1T5LW6bn2pSua9RaZKZrDoBOw==
  dependencies:
    "@babel/runtime" "^7.22.5"
    "@rc-component/trigger" "^1.5.0"
    classnames "^2.2.6"
    rc-input "~1.2.1"
    rc-menu "~9.12.0"
    rc-textarea "~1.4.0"
    rc-util "^5.34.1"

rc-menu@~9.12.0:
  version "9.12.4"
  resolved "https://registry.npmjs.org/rc-menu/-/rc-menu-9.12.4.tgz"
  integrity sha512-t2NcvPLV1mFJzw4F21ojOoRVofK2rWhpKPx69q2raUsiHPDP6DDevsBILEYdsIegqBeSXoWs2bf6CueBKg3BFg==
  dependencies:
    "@babel/runtime" "^7.10.1"
    "@rc-component/trigger" "^1.17.0"
    classnames "2.x"
    rc-motion "^2.4.3"
    rc-overflow "^1.3.1"
    rc-util "^5.27.0"

rc-motion@^2.0.0, rc-motion@^2.0.1, rc-motion@^2.3.0, rc-motion@^2.3.4, rc-motion@^2.4.3, rc-motion@^2.4.4, rc-motion@^2.6.0, rc-motion@^2.6.1, rc-motion@^2.6.2, rc-motion@^2.9.0:
  version "2.9.0"
  resolved "https://registry.npmjs.org/rc-motion/-/rc-motion-2.9.0.tgz"
  integrity sha512-XIU2+xLkdIr1/h6ohPZXyPBMvOmuyFZQ/T0xnawz+Rh+gh4FINcnZmMT5UTIj6hgI0VLDjTaPeRd+smJeSPqiQ==
  dependencies:
    "@babel/runtime" "^7.11.1"
    classnames "^2.2.1"
    rc-util "^5.21.0"

rc-notification@~5.1.1:
  version "5.1.1"
  resolved "https://registry.npmjs.org/rc-notification/-/rc-notification-5.1.1.tgz"
  integrity sha512-BPnded/WmWFE57ubqhVCgRSuedfQQNeSOYqdwppyr2B/Wt909gYFKyWAkFJVXuppAjsOGop05a93UaxjmUFdkg==
  dependencies:
    "@babel/runtime" "^7.10.1"
    classnames "2.x"
    rc-motion "^2.6.0"
    rc-util "^5.20.1"

rc-overflow@^1.3.1:
  version "1.3.2"
  resolved "https://registry.npmjs.org/rc-overflow/-/rc-overflow-1.3.2.tgz"
  integrity sha512-nsUm78jkYAoPygDAcGZeC2VwIg/IBGSodtOY3pMof4W3M9qRJgqaDYm03ZayHlde3I6ipliAxbN0RUcGf5KOzw==
  dependencies:
    "@babel/runtime" "^7.11.1"
    classnames "^2.2.1"
    rc-resize-observer "^1.0.0"
    rc-util "^5.37.0"

rc-pagination@~3.6.1:
  version "3.6.1"
  resolved "https://registry.npmjs.org/rc-pagination/-/rc-pagination-3.6.1.tgz"
  integrity sha512-R/sUnKKXx1Nm4kZfUKS3YKa7yEPF1ZkVB/AynQaHt+nMER7h9wPTfliDJFdYo+RM/nk2JD4Yc5QpUq8fIQHeug==
  dependencies:
    "@babel/runtime" "^7.10.1"
    classnames "^2.2.1"
    rc-util "^5.32.2"

rc-picker@~3.14.1:
  version "3.14.6"
  resolved "https://registry.npmjs.org/rc-picker/-/rc-picker-3.14.6.tgz"
  integrity sha512-AdKKW0AqMwZsKvIpwUWDUnpuGKZVrbxVTZTNjcO+pViGkjC1EBcjMgxVe8tomOEaIHJL5Gd13vS8Rr3zzxWmag==
  dependencies:
    "@babel/runtime" "^7.10.1"
    "@rc-component/trigger" "^1.5.0"
    classnames "^2.2.1"
    rc-util "^5.30.0"

rc-progress@~3.5.1:
  version "3.5.1"
  resolved "https://registry.npmjs.org/rc-progress/-/rc-progress-3.5.1.tgz"
  integrity sha512-V6Amx6SbLRwPin/oD+k1vbPrO8+9Qf8zW1T8A7o83HdNafEVvAxPV5YsgtKFP+Ud5HghLj33zKOcEHrcrUGkfw==
  dependencies:
    "@babel/runtime" "^7.10.1"
    classnames "^2.2.6"
    rc-util "^5.16.1"

rc-rate@~2.12.0:
  version "2.12.0"
  resolved "https://registry.npmjs.org/rc-rate/-/rc-rate-2.12.0.tgz"
  integrity sha512-g092v5iZCdVzbjdn28FzvWebK2IutoVoiTeqoLTj9WM7SjA/gOJIw5/JFZMRyJYYVe1jLAU2UhAfstIpCNRozg==
  dependencies:
    "@babel/runtime" "^7.10.1"
    classnames "^2.2.5"
    rc-util "^5.0.1"

rc-resize-observer@^1.0.0, rc-resize-observer@^1.1.0, rc-resize-observer@^1.3.1:
  version "1.4.0"
  resolved "https://registry.npmjs.org/rc-resize-observer/-/rc-resize-observer-1.4.0.tgz"
  integrity sha512-PnMVyRid9JLxFavTjeDXEXo65HCRqbmLBw9xX9gfC4BZiSzbLXKzW3jPz+J0P71pLbD5tBMTT+mkstV5gD0c9Q==
  dependencies:
    "@babel/runtime" "^7.20.7"
    classnames "^2.2.1"
    rc-util "^5.38.0"
    resize-observer-polyfill "^1.5.1"

rc-segmented@~2.2.2:
  version "2.2.2"
  resolved "https://registry.npmjs.org/rc-segmented/-/rc-segmented-2.2.2.tgz"
  integrity sha512-Mq52M96QdHMsNdE/042ibT5vkcGcD5jxKp7HgPC2SRofpia99P5fkfHy1pEaajLMF/kj0+2Lkq1UZRvqzo9mSA==
  dependencies:
    "@babel/runtime" "^7.11.1"
    classnames "^2.2.1"
    rc-motion "^2.4.4"
    rc-util "^5.17.0"

rc-select@~14.9.0:
  version "14.9.2"
  resolved "https://registry.npmjs.org/rc-select/-/rc-select-14.9.2.tgz"
  integrity sha512-VQ15sRFgPURHb8ZcZNSDtb2rAw3+C9xlL0nDziwNHTEW1KvEpZ8y+0v5w24X/Bpl9b3cW1BOyW1F5UqSAq+7Dg==
  dependencies:
    "@babel/runtime" "^7.10.1"
    "@rc-component/trigger" "^1.5.0"
    classnames "2.x"
    rc-motion "^2.0.1"
    rc-overflow "^1.3.1"
    rc-util "^5.16.1"
    rc-virtual-list "^3.5.2"

rc-slider@~10.2.1:
  version "10.2.1"
  resolved "https://registry.npmjs.org/rc-slider/-/rc-slider-10.2.1.tgz"
  integrity sha512-l355C/65iV4UFp7mXq5xBTNX2/tF2g74VWiTVlTpNp+6vjE/xaHHNiQq5Af+Uu28uUiqCuH/QXs5HfADL9KJ/A==
  dependencies:
    "@babel/runtime" "^7.10.1"
    classnames "^2.2.5"
    rc-util "^5.27.0"

rc-steps@~6.0.1:
  version "6.0.1"
  resolved "https://registry.npmjs.org/rc-steps/-/rc-steps-6.0.1.tgz"
  integrity sha512-lKHL+Sny0SeHkQKKDJlAjV5oZ8DwCdS2hFhAkIjuQt1/pB81M0cA0ErVFdHq9+jmPmFw1vJB2F5NBzFXLJxV+g==
  dependencies:
    "@babel/runtime" "^7.16.7"
    classnames "^2.2.3"
    rc-util "^5.16.1"

rc-switch@~4.1.0:
  version "4.1.0"
  resolved "https://registry.npmjs.org/rc-switch/-/rc-switch-4.1.0.tgz"
  integrity sha512-TI8ufP2Az9oEbvyCeVE4+90PDSljGyuwix3fV58p7HV2o4wBnVToEyomJRVyTaZeqNPAp+vqeo4Wnj5u0ZZQBg==
  dependencies:
    "@babel/runtime" "^7.21.0"
    classnames "^2.2.1"
    rc-util "^5.30.0"

rc-table@~7.34.4:
  version "7.34.4"
  resolved "https://registry.npmjs.org/rc-table/-/rc-table-7.34.4.tgz"
  integrity sha512-os+i88Y2AO/6dNkOgJkKSHgXYaZZGnuOEEe+nyaq5IRgvAQNhLysUjXt2objtBeFDEZR8TqXrajwBNRUwunmdw==
  dependencies:
    "@babel/runtime" "^7.10.1"
    "@rc-component/context" "^1.4.0"
    classnames "^2.2.5"
    rc-resize-observer "^1.1.0"
    rc-util "^5.36.0"
    rc-virtual-list "^3.11.1"

rc-tabs@~12.12.1:
  version "12.12.1"
  resolved "https://registry.npmjs.org/rc-tabs/-/rc-tabs-12.12.1.tgz"
  integrity sha512-e10VBjEkECdPl4XZSs9to81SE+mgclBTM7J8/LMsFqmJoi05Tci91bRnmeeDtrcOCx2PuZdJv57XUlC4d8PEIw==
  dependencies:
    "@babel/runtime" "^7.11.2"
    classnames "2.x"
    rc-dropdown "~4.1.0"
    rc-menu "~9.12.0"
    rc-motion "^2.6.2"
    rc-resize-observer "^1.0.0"
    rc-util "^5.34.1"

rc-textarea@~1.4.0:
  version "1.4.0"
  resolved "https://registry.npmjs.org/rc-textarea/-/rc-textarea-1.4.0.tgz"
  integrity sha512-CiqK+uyoJlnfufbC0kwfHJpfElhQacuDSNyNQ/xGnA/QMaJLDbgmqRT8QmX0T0KD/ws/hy6qqRaGJSsrRR5uiQ==
  dependencies:
    "@babel/runtime" "^7.10.1"
    classnames "^2.2.1"
    rc-input "~1.2.1"
    rc-resize-observer "^1.0.0"
    rc-util "^5.27.0"

rc-tooltip@~6.0.1:
  version "6.0.1"
  resolved "https://registry.npmjs.org/rc-tooltip/-/rc-tooltip-6.0.1.tgz"
  integrity sha512-MdvPlsD1fDSxKp9+HjXrc/CxLmA/s11QYIh1R7aExxfodKP7CZA++DG1AjrW80F8IUdHYcR43HAm0Y2BYPelHA==
  dependencies:
    "@babel/runtime" "^7.11.2"
    "@rc-component/trigger" "^1.0.4"
    classnames "^2.3.1"

rc-tree-select@~5.13.0:
  version "5.13.0"
  resolved "https://registry.npmjs.org/rc-tree-select/-/rc-tree-select-5.13.0.tgz"
  integrity sha512-g01JU9EdE7j/9KfDKtmvFqJ7ZDNIYDzkpmAXllbTBFoRNhWJBjW1x/dCZLVG+IdZeIz8SKJkgZzCf1CUZrzV/Q==
  dependencies:
    "@babel/runtime" "^7.10.1"
    classnames "2.x"
    rc-select "~14.9.0"
    rc-tree "~5.7.0"
    rc-util "^5.16.1"

rc-tree@~5.7.0, rc-tree@~5.7.12:
  version "5.7.12"
  resolved "https://registry.npmjs.org/rc-tree/-/rc-tree-5.7.12.tgz"
  integrity sha512-LXA5nY2hG5koIAlHW5sgXgLpOMz+bFRbnZZ+cCg0tQs4Wv1AmY7EDi1SK7iFXhslYockbqUerQan82jljoaItg==
  dependencies:
    "@babel/runtime" "^7.10.1"
    classnames "2.x"
    rc-motion "^2.0.1"
    rc-util "^5.16.1"
    rc-virtual-list "^3.5.1"

rc-upload@~4.3.4:
  version "4.3.5"
  resolved "https://registry.npmjs.org/rc-upload/-/rc-upload-4.3.5.tgz"
  integrity sha512-EHlKJbhkgFSQHliTj9v/2K5aEuFwfUQgZARzD7AmAPOneZEPiCNF3n6PEWIuqz9h7oq6FuXgdR67sC5BWFxJbA==
  dependencies:
    "@babel/runtime" "^7.18.3"
    classnames "^2.2.5"
    rc-util "^5.2.0"

rc-util@^5.0.1, rc-util@^5.16.1, rc-util@^5.17.0, rc-util@^5.18.1, rc-util@^5.2.0, rc-util@^5.20.1, rc-util@^5.21.0, rc-util@^5.24.4, rc-util@^5.25.2, rc-util@^5.27.0, rc-util@^5.28.0, rc-util@^5.30.0, rc-util@^5.31.1, rc-util@^5.32.2, rc-util@^5.34.1, rc-util@^5.35.0, rc-util@^5.36.0, rc-util@^5.37.0, rc-util@^5.38.0:
  version "5.38.1"
  resolved "https://registry.npmjs.org/rc-util/-/rc-util-5.38.1.tgz"
  integrity sha512-e4ZMs7q9XqwTuhIK7zBIVFltUtMSjphuPPQXHoHlzRzNdOwUxDejo0Zls5HYaJfRKNURcsS/ceKVULlhjBrxng==
  dependencies:
    "@babel/runtime" "^7.18.3"
    react-is "^18.2.0"

rc-virtual-list@^3.11.1, rc-virtual-list@^3.5.1, rc-virtual-list@^3.5.2:
  version "3.11.3"
  resolved "https://registry.npmjs.org/rc-virtual-list/-/rc-virtual-list-3.11.3.tgz"
  integrity sha512-tu5UtrMk/AXonHwHxUogdXAWynaXsrx1i6dsgg+lOo/KJSF8oBAcprh1z5J3xgnPJD5hXxTL58F8s8onokdt0Q==
  dependencies:
    "@babel/runtime" "^7.20.0"
    classnames "^2.2.6"
    rc-resize-observer "^1.0.0"
    rc-util "^5.36.0"

react-is@^18.2.0:
  version "18.2.0"
  resolved "https://registry.npmjs.org/react-is/-/react-is-18.2.0.tgz"
  integrity sha512-xWGDIW6x921xtzPkhiULtthJHoJvBbF3q26fzloPCK0hsvxtPVelvftw3zjbHWSkR2km9Z+4uxbDDK/6Zw9B8w==

regenerator-runtime@^0.14.0:
  version "0.14.1"
  resolved "https://registry.npmjs.org/regenerator-runtime/-/regenerator-runtime-0.14.1.tgz"
  integrity sha512-dYnhHh0nJoMfnkZs6GmmhFknAGRrLznOu5nc9ML+EJxGvrx6H7teuevqVqCuPcPK//3eDrrjQhehXVx9cnkGdw==

resize-observer-polyfill@^1.5.1:
  version "1.5.1"
  resolved "https://registry.npmjs.org/resize-observer-polyfill/-/resize-observer-polyfill-1.5.1.tgz"
  integrity sha512-LwZrotdHOo12nQuZlHEmtuXdqGoOD0OhaxopaNFxWzInpEgaLWoVuAMbTzixuosCx2nEG58ngzW3vxdWoxIgdg==

scroll-into-view-if-needed@^3.0.3:
  version "3.1.0"
  resolved "https://registry.npmjs.org/scroll-into-view-if-needed/-/scroll-into-view-if-needed-3.1.0.tgz"
  integrity sha512-49oNpRjWRvnU8NyGVmUaYG4jtTkNonFZI86MmGRDqBphEK2EXT9gdEUoQPZhuBM8yWHxCWbobltqYO5M4XrUvQ==
  dependencies:
    compute-scroll-into-view "^3.0.2"

string-convert@^0.2.0:
  version "0.2.1"
  resolved "https://registry.npmjs.org/string-convert/-/string-convert-0.2.1.tgz"
  integrity sha512-u/1tdPl4yQnPBjnVrmdLo9gtuLvELKsAoRapekWggdiQNvvvum+jYF329d84NAa660KQw7pB2n36KrIKVoXa3A==

style-mod@^4.0.0, style-mod@^4.1.0:
  version "4.1.0"
  resolved "https://registry.yarnpkg.com/style-mod/-/style-mod-4.1.0.tgz#a313a14f4ae8bb4d52878c0053c4327fb787ec09"
  integrity sha512-Ca5ib8HrFn+f+0n4N4ScTIA9iTOQ7MaGS1ylHcoVqW9J7w2w8PzN6g9gKmTYgGEBH8e120+RCmhpje6jC5uGWA==

stylis@^4.0.13:
  version "4.3.0"
  resolved "https://registry.npmjs.org/stylis/-/stylis-4.3.0.tgz"
  integrity sha512-E87pIogpwUsUwXw7dNyU4QDjdgVMy52m+XEOPEKUn161cCzWjjhPSQhByfd1CcNvrOLnXQ6OnnZDwnJrz/Z4YQ==

throttle-debounce@^5.0.0:
  version "5.0.0"
  resolved "https://registry.npmjs.org/throttle-debounce/-/throttle-debounce-5.0.0.tgz"
  integrity sha512-2iQTSgkkc1Zyk0MeVrt/3BvuOXYPl/R8Z0U2xxo9rjwNciaHDG3R+Lm6dh4EeUci49DanvBnuqI6jshoQQRGEg==

toggle-selection@^1.0.6:
  version "1.0.6"
  resolved "https://registry.npmjs.org/toggle-selection/-/toggle-selection-1.0.6.tgz"
  integrity sha512-BiZS+C1OS8g/q2RRbJmy59xpyghNBqrr6k5L/uKBGRsTfxmu3ffiRnd8mlGPUVayg8pvfi5urfnu8TU7DVOkLQ==

typescript@~5.3.3:
  version "5.3.3"
  resolved "https://registry.npmjs.org/typescript/-/typescript-5.3.3.tgz"
  integrity sha512-pXWcraxM0uxAS+tN0AG/BF2TyqmHO014Z070UsJ+pFvYuRSq8KH8DmWpnbXe0pEPDHXZV3FcAbJkijJ5oNEnWw==

w3c-keyname@^2.2.4:
  version "2.2.8"
  resolved "https://registry.yarnpkg.com/w3c-keyname/-/w3c-keyname-2.2.8.tgz#7b17c8c6883d4e8b86ac8aba79d39e880f8869c5"
  integrity sha512-dpojBhNsCNN7T82Tm7k26A6G9ML3NkhDsnw9n/eoxSRlVBB4CEtIQ/KTCLI2Fwf3ataSXRhYFkQi3SlnFwPvPQ==
